
Microsoft Visual Studio Solution File, Format Version 12.00
# Visual Studio Version 16
VisualStudioVersion = 16.0.31205.134
MinimumVisualStudioVersion = 10.0.40219.1
Project("{9A19103F-16F7-4668-BE54-9A1E7A4F7556}") = "Proyecto", "Proyecto\Proyecto.csproj", "{A03E3F7D-F038-4B3D-85D8-25C528F8E4E3}"
EndProject
Project("{54435603-DBB4-11D2-8724-00A0C9A8B90C}") = "ProcesoVacunacion", "ProcesoVacunacion\ProcesoVacunacion.vdproj", "{3EA78158-FD39-48BC-8DFA-DB36BD233603}"
EndProject
Global
	GlobalSection(SolutionConfigurationPlatforms) = preSolution
		Debug|Any CPU = Debug|Any CPU
		Release|Any CPU = Release|Any CPU
	EndGlobalSection
	GlobalSection(ProjectConfigurationPlatforms) = postSolution
		{A03E3F7D-F038-4B3D-85D8-25C528F8E4E3}.Debug|Any CPU.ActiveCfg = Debug|Any CPU
		{A03E3F7D-F038-4B3D-85D8-25C528F8E4E3}.Debug|Any CPU.Build.0 = Debug|Any CPU
		{A03E3F7D-F038-4B3D-85D8-25C528F8E4E3}.Release|Any CPU.ActiveCfg = Release|Any CPU
		{A03E3F7D-F038-4B3D-85D8-25C528F8E4E3}.Release|Any CPU.Build.0 = Release|Any CPU
		{3EA78158-FD39-48BC-8DFA-DB36BD233603}.Debug|Any CPU.ActiveCfg = Debug
		{3EA78158-FD39-48BC-8DFA-DB36BD233603}.Release|Any CPU.ActiveCfg = Release
	EndGlobalSection
	GlobalSection(SolutionProperties) = preSolution
		HideSolutionNode = FALSE
	EndGlobalSection
	GlobalSection(ExtensibilityGlobals) = postSolution
		SolutionGuid = {40D2AE4B-6D4D-4075-B08C-57A8B04C8AF4}
	EndGlobalSection
EndGlobal
